# This file was autogenerated by Stack.
# You should not edit this file by hand.
# For more information, please see the documentation at:
#   https://docs.haskellstack.org/en/stable/lock_files

packages:
- completed:
    hackage: aeson-1.5.6.0@sha256:5003bb6fd260d2e2d5a51dee2bf5c8e8f29e4e0e0288fef805c22dcc80ecab06,6788
    pantry-tree:
      size: 37981
      sha256: 1f61b87807bfb4362a978a492e2f17be9e3ebfe32f983ee49863ddde970b32ce
  original:
    hackage: aeson-1.5.6.0@sha256:5003bb6fd260d2e2d5a51dee2bf5c8e8f29e4e0e0288fef805c22dcc80ecab06,6788
- completed:
    hackage: servant-0.18.3@sha256:0fbf8f9274bdfda6a778d6d7ec714c9f0abd17102af9bc002a93fe3ed284e8ca,5309
    pantry-tree:
      size: 2662
      sha256: 206f6289793fc25e4708e454ebb3e478710e8634017a47f05cff41a20b50a08b
  original:
    hackage: servant-0.18.3@sha256:0fbf8f9274bdfda6a778d6d7ec714c9f0abd17102af9bc002a93fe3ed284e8ca,5309
- completed:
    hackage: servant-client-0.18.3@sha256:570145df5209b245a141eec6841fbca6785cd88e073e85eecbeff4438ca34784,4602
    pantry-tree:
      size: 1300
      sha256: 4f3a9dd501ea02289559f8c49df88fb00a2f34ac225c2d9ae1df5970bf8ce4db
  original:
    hackage: servant-client-0.18.3@sha256:570145df5209b245a141eec6841fbca6785cd88e073e85eecbeff4438ca34784,4602
- completed:
    hackage: servant-client-core-0.18.3@sha256:db2551c94cc17bef7682602082d6a16e79593cfc939f2d696d4ccee21b2b2091,3649
    pantry-tree:
      size: 1444
      sha256: cc2087f25bde5bbb6174320ef499366a7005ac646ba0256225a0758bec91a3cd
  original:
    hackage: servant-client-core-0.18.3@sha256:db2551c94cc17bef7682602082d6a16e79593cfc939f2d696d4ccee21b2b2091,3649
- completed:
    hackage: servant-jsonrpc-1.1.0@sha256:272435efde22857886e5fe39c409fb768df27ed349e8f65457b74e7041ba8311,1217
    pantry-tree:
      size: 274
      sha256: 1ff9292ea64a1c99537179a0b1c48ab3c956781c10aae0c2d023ef2f2b4b237c
  original:
    hackage: servant-jsonrpc-1.1.0@sha256:272435efde22857886e5fe39c409fb768df27ed349e8f65457b74e7041ba8311,1217
- completed:
    hackage: servant-jsonrpc-client-1.1.0@sha256:75667a6bcd21682371ac8093791fd3d4c11c084c9bda93708dcb219f1b4ef966,1171
    pantry-tree:
      size: 288
      sha256: 910d7d9276a13a7cf6bcd4e63d5e21aa12af83cf8c98c17a9c3a417103a679bf
  original:
    hackage: servant-jsonrpc-client-1.1.0@sha256:75667a6bcd21682371ac8093791fd3d4c11c084c9bda93708dcb219f1b4ef966,1171
snapshots:
- completed:
    size: 616897
    url: https://raw.githubusercontent.com/commercialhaskell/stackage-snapshots/master/lts/19/0.yaml
    sha256: bbf2be02f17940bac1f87cb462d4fb0c3355de6dcfc53d84f4f9ad3ee2164f65
  original:
    url: https://raw.githubusercontent.com/commercialhaskell/stackage-snapshots/master/lts/19/0.yaml
